// !$*UTF8*$!
{
	archiveVersion = 1;
	classes = {
	};
	objectVersion = 46;
	objects = {

/* Begin PBXBuildFile section */
		FF0B4D681B77663D00437F55 /* main.m in Sources */ = {isa = PBXBuildFile; fileRef = FF0B4D671B77663D00437F55 /* main.m */; };
		FF0B4D6B1B77663D00437F55 /* AppDelegate.m in Sources */ = {isa = PBXBuildFile; fileRef = FF0B4D6A1B77663D00437F55 /* AppDelegate.m */; };
		FF0B4D731B77663D00437F55 /* Images.xcassets in Resources */ = {isa = PBXBuildFile; fileRef = FF0B4D721B77663D00437F55 /* Images.xcassets */; };
		FF0B4D821B77663D00437F55 /* VelibTests.m in Sources */ = {isa = PBXBuildFile; fileRef = FF0B4D811B77663D00437F55 /* VelibTests.m */; };
		FF0B4D8D1B7766CF00437F55 /* FRVContractsViewController.m in Sources */ = {isa = PBXBuildFile; fileRef = FF0B4D8C1B7766CF00437F55 /* FRVContractsViewController.m */; };
		FF0B4D8F1B7767F400437F55 /* Default-568h@2x.png in Resources */ = {isa = PBXBuildFile; fileRef = FF0B4D8E1B7767F400437F55 /* Default-568h@2x.png */; };
		FF0B4D931B7769D300437F55 /* libc++.dylib in Frameworks */ = {isa = PBXBuildFile; fileRef = FF0B4D921B7769D300437F55 /* libc++.dylib */; };
		FF100F741B776B3C0069B4C1 /* FRVContract.m in Sources */ = {isa = PBXBuildFile; fileRef = FF100F731B776B3C0069B4C1 /* FRVContract.m */; };
		FF100F781B776FB90069B4C1 /* FRVContractCell.m in Sources */ = {isa = PBXBuildFile; fileRef = FF100F761B776FB90069B4C1 /* FRVContractCell.m */; };
		FF100F791B776FB90069B4C1 /* FRVContractCell.xib in Resources */ = {isa = PBXBuildFile; fileRef = FF100F771B776FB90069B4C1 /* FRVContractCell.xib */; };
		FF100F7C1B777CEF0069B4C1 /* FRVContractStore.m in Sources */ = {isa = PBXBuildFile; fileRef = FF100F7B1B777CEF0069B4C1 /* FRVContractStore.m */; };
		FF100F7F1B777F720069B4C1 /* FRVLastUpdate.m in Sources */ = {isa = PBXBuildFile; fileRef = FF100F7E1B777F720069B4C1 /* FRVLastUpdate.m */; };
		FF8158311B7FEF4700926C44 /* FRVStationViewController.m in Sources */ = {isa = PBXBuildFile; fileRef = FF81582F1B7FEF4700926C44 /* FRVStationViewController.m */; };
		FF8158321B7FEF4700926C44 /* FRVStationViewController.xib in Resources */ = {isa = PBXBuildFile; fileRef = FF8158301B7FEF4700926C44 /* FRVStationViewController.xib */; };
		FF8158351B7FFA6600926C44 /* FRVHelper.m in Sources */ = {isa = PBXBuildFile; fileRef = FF8158341B7FFA6600926C44 /* FRVHelper.m */; };
		FF8158381B7FFCBD00926C44 /* FRVPredictionStore.m in Sources */ = {isa = PBXBuildFile; fileRef = FF8158371B7FFCBD00926C44 /* FRVPredictionStore.m */; };
		FF81583B1B8002AE00926C44 /* FRVPrediction.m in Sources */ = {isa = PBXBuildFile; fileRef = FF81583A1B8002AE00926C44 /* FRVPrediction.m */; };
		FF81583F1B80F48900926C44 /* FRVPredictionCell.m in Sources */ = {isa = PBXBuildFile; fileRef = FF81583D1B80F48900926C44 /* FRVPredictionCell.m */; };
		FF8158401B80F48900926C44 /* FRVPredictionCell.xib in Resources */ = {isa = PBXBuildFile; fileRef = FF81583E1B80F48900926C44 /* FRVPredictionCell.xib */; };
		FF8158461B80FC1900926C44 /* bicycle.png in Resources */ = {isa = PBXBuildFile; fileRef = FF8158451B80FC1900926C44 /* bicycle.png */; };
		FF8158481B8101EC00926C44 /* bicycle@2x.png in Resources */ = {isa = PBXBuildFile; fileRef = FF8158471B8101EC00926C44 /* bicycle@2x.png */; };
		FF8256221B7F48D2000FA836 /* applidium.gpx in Resources */ = {isa = PBXBuildFile; fileRef = FF8256211B7F48D2000FA836 /* applidium.gpx */; };
		FF8256241B7F7CE7000FA836 /* Realm.framework in Frameworks */ = {isa = PBXBuildFile; fileRef = FF8256231B7F7CE7000FA836 /* Realm.framework */; };
		FF95C0121B7B8FA400678145 /* FRVFetcher.m in Sources */ = {isa = PBXBuildFile; fileRef = FF95C0111B7B8FA400678145 /* FRVFetcher.m */; };
		FFBA596C1B7CB99A00BC3E16 /* FRVStation.m in Sources */ = {isa = PBXBuildFile; fileRef = FFBA596B1B7CB99A00BC3E16 /* FRVStation.m */; };
		FFBA596F1B7CBAA000BC3E16 /* FRVStationStore.m in Sources */ = {isa = PBXBuildFile; fileRef = FFBA596E1B7CBAA000BC3E16 /* FRVStationStore.m */; };
		FFBD3CE11B7BA6EA00BE288C /* Mapbox in Resources */ = {isa = PBXBuildFile; fileRef = FFBD3CE01B7BA6EA00BE288C /* Mapbox */; };
		FFBD3CE31B7BA7BF00BE288C /* CoreLocation.framework in Frameworks */ = {isa = PBXBuildFile; fileRef = FFBD3CE21B7BA7BF00BE288C /* CoreLocation.framework */; };
		FFBD3CE51B7BA7C700BE288C /* QuartzCore.framework in Frameworks */ = {isa = PBXBuildFile; fileRef = FFBD3CE41B7BA7C700BE288C /* QuartzCore.framework */; };
		FFBD3CE71B7BA7D000BE288C /* libsqlite3.dylib in Frameworks */ = {isa = PBXBuildFile; fileRef = FFBD3CE61B7BA7D000BE288C /* libsqlite3.dylib */; };
		FFBD3CE91B7BA7D500BE288C /* libz.dylib in Frameworks */ = {isa = PBXBuildFile; fileRef = FFBD3CE81B7BA7D500BE288C /* libz.dylib */; };
		FFBD3CED1B7BA93300BE288C /* FRVContractViewController.m in Sources */ = {isa = PBXBuildFile; fileRef = FFBD3CEC1B7BA93300BE288C /* FRVContractViewController.m */; };
		FFBD3CEF1B7BAAC400BE288C /* libMapbox.a in Frameworks */ = {isa = PBXBuildFile; fileRef = FFBD3CEE1B7BAAC400BE288C /* libMapbox.a */; };
/* End PBXBuildFile section */

/* Begin PBXContainerItemProxy section */
		FF0B4D7C1B77663D00437F55 /* PBXContainerItemProxy */ = {
			isa = PBXContainerItemProxy;
			containerPortal = FF0B4D5A1B77663D00437F55 /* Project object */;
			proxyType = 1;
			remoteGlobalIDString = FF0B4D611B77663D00437F55;
			remoteInfo = Velib;
		};
/* End PBXContainerItemProxy section */

/* Begin PBXFileReference section */
		FF0B4D621B77663D00437F55 /* Velib.app */ = {isa = PBXFileReference; explicitFileType = wrapper.application; includeInIndex = 0; path = Velib.app; sourceTree = BUILT_PRODUCTS_DIR; };
		FF0B4D661B77663D00437F55 /* Info.plist */ = {isa = PBXFileReference; lastKnownFileType = text.plist.xml; path = Info.plist; sourceTree = "<group>"; };
		FF0B4D671B77663D00437F55 /* main.m */ = {isa = PBXFileReference; lastKnownFileType = sourcecode.c.objc; path = main.m; sourceTree = "<group>"; };
		FF0B4D691B77663D00437F55 /* AppDelegate.h */ = {isa = PBXFileReference; lastKnownFileType = sourcecode.c.h; path = AppDelegate.h; sourceTree = "<group>"; };
		FF0B4D6A1B77663D00437F55 /* AppDelegate.m */ = {isa = PBXFileReference; lastKnownFileType = sourcecode.c.objc; path = AppDelegate.m; sourceTree = "<group>"; };
		FF0B4D721B77663D00437F55 /* Images.xcassets */ = {isa = PBXFileReference; lastKnownFileType = folder.assetcatalog; path = Images.xcassets; sourceTree = "<group>"; };
		FF0B4D7B1B77663D00437F55 /* VelibTests.xctest */ = {isa = PBXFileReference; explicitFileType = wrapper.cfbundle; includeInIndex = 0; path = VelibTests.xctest; sourceTree = BUILT_PRODUCTS_DIR; };
		FF0B4D801B77663D00437F55 /* Info.plist */ = {isa = PBXFileReference; lastKnownFileType = text.plist.xml; path = Info.plist; sourceTree = "<group>"; };
		FF0B4D811B77663D00437F55 /* VelibTests.m */ = {isa = PBXFileReference; lastKnownFileType = sourcecode.c.objc; path = VelibTests.m; sourceTree = "<group>"; };
		FF0B4D8B1B7766CF00437F55 /* FRVContractsViewController.h */ = {isa = PBXFileReference; fileEncoding = 4; lastKnownFileType = sourcecode.c.h; path = FRVContractsViewController.h; sourceTree = "<group>"; };
		FF0B4D8C1B7766CF00437F55 /* FRVContractsViewController.m */ = {isa = PBXFileReference; fileEncoding = 4; lastKnownFileType = sourcecode.c.objc; path = FRVContractsViewController.m; sourceTree = "<group>"; };
		FF0B4D8E1B7767F400437F55 /* Default-568h@2x.png */ = {isa = PBXFileReference; lastKnownFileType = image.png; path = "Default-568h@2x.png"; sourceTree = "<group>"; };
		FF0B4D921B7769D300437F55 /* libc++.dylib */ = {isa = PBXFileReference; lastKnownFileType = "compiled.mach-o.dylib"; name = "libc++.dylib"; path = "usr/lib/libc++.dylib"; sourceTree = SDKROOT; };
		FF100F721B776B3C0069B4C1 /* FRVContract.h */ = {isa = PBXFileReference; fileEncoding = 4; lastKnownFileType = sourcecode.c.h; name = FRVContract.h; path = Model/FRVContract.h; sourceTree = "<group>"; };
		FF100F731B776B3C0069B4C1 /* FRVContract.m */ = {isa = PBXFileReference; fileEncoding = 4; lastKnownFileType = sourcecode.c.objc; name = FRVContract.m; path = Model/FRVContract.m; sourceTree = "<group>"; };
		FF100F751B776FB90069B4C1 /* FRVContractCell.h */ = {isa = PBXFileReference; fileEncoding = 4; lastKnownFileType = sourcecode.c.h; name = FRVContractCell.h; path = View/FRVContractCell.h; sourceTree = "<group>"; };
		FF100F761B776FB90069B4C1 /* FRVContractCell.m */ = {isa = PBXFileReference; fileEncoding = 4; lastKnownFileType = sourcecode.c.objc; name = FRVContractCell.m; path = View/FRVContractCell.m; sourceTree = "<group>"; };
		FF100F771B776FB90069B4C1 /* FRVContractCell.xib */ = {isa = PBXFileReference; fileEncoding = 4; lastKnownFileType = file.xib; name = FRVContractCell.xib; path = View/FRVContractCell.xib; sourceTree = "<group>"; };
		FF100F7A1B777CEF0069B4C1 /* FRVContractStore.h */ = {isa = PBXFileReference; fileEncoding = 4; lastKnownFileType = sourcecode.c.h; name = FRVContractStore.h; path = Store/FRVContractStore.h; sourceTree = "<group>"; };
		FF100F7B1B777CEF0069B4C1 /* FRVContractStore.m */ = {isa = PBXFileReference; fileEncoding = 4; lastKnownFileType = sourcecode.c.objc; name = FRVContractStore.m; path = Store/FRVContractStore.m; sourceTree = "<group>"; };
		FF100F7D1B777F720069B4C1 /* FRVLastUpdate.h */ = {isa = PBXFileReference; fileEncoding = 4; lastKnownFileType = sourcecode.c.h; name = FRVLastUpdate.h; path = Model/FRVLastUpdate.h; sourceTree = "<group>"; };
		FF100F7E1B777F720069B4C1 /* FRVLastUpdate.m */ = {isa = PBXFileReference; fileEncoding = 4; lastKnownFileType = sourcecode.c.objc; name = FRVLastUpdate.m; path = Model/FRVLastUpdate.m; sourceTree = "<group>"; };
		FF81582E1B7FEF4700926C44 /* FRVStationViewController.h */ = {isa = PBXFileReference; fileEncoding = 4; lastKnownFileType = sourcecode.c.h; path = FRVStationViewController.h; sourceTree = "<group>"; };
		FF81582F1B7FEF4700926C44 /* FRVStationViewController.m */ = {isa = PBXFileReference; fileEncoding = 4; lastKnownFileType = sourcecode.c.objc; path = FRVStationViewController.m; sourceTree = "<group>"; };
		FF8158301B7FEF4700926C44 /* FRVStationViewController.xib */ = {isa = PBXFileReference; fileEncoding = 4; lastKnownFileType = file.xib; path = FRVStationViewController.xib; sourceTree = "<group>"; };
		FF8158331B7FFA6600926C44 /* FRVHelper.h */ = {isa = PBXFileReference; fileEncoding = 4; lastKnownFileType = sourcecode.c.h; path = FRVHelper.h; sourceTree = "<group>"; };
		FF8158341B7FFA6600926C44 /* FRVHelper.m */ = {isa = PBXFileReference; fileEncoding = 4; lastKnownFileType = sourcecode.c.objc; path = FRVHelper.m; sourceTree = "<group>"; };
		FF8158361B7FFCBD00926C44 /* FRVPredictionStore.h */ = {isa = PBXFileReference; fileEncoding = 4; lastKnownFileType = sourcecode.c.h; name = FRVPredictionStore.h; path = Store/FRVPredictionStore.h; sourceTree = "<group>"; };
		FF8158371B7FFCBD00926C44 /* FRVPredictionStore.m */ = {isa = PBXFileReference; fileEncoding = 4; lastKnownFileType = sourcecode.c.objc; name = FRVPredictionStore.m; path = Store/FRVPredictionStore.m; sourceTree = "<group>"; };
		FF8158391B8002AE00926C44 /* FRVPrediction.h */ = {isa = PBXFileReference; fileEncoding = 4; lastKnownFileType = sourcecode.c.h; name = FRVPrediction.h; path = Model/FRVPrediction.h; sourceTree = "<group>"; };
		FF81583A1B8002AE00926C44 /* FRVPrediction.m */ = {isa = PBXFileReference; fileEncoding = 4; lastKnownFileType = sourcecode.c.objc; name = FRVPrediction.m; path = Model/FRVPrediction.m; sourceTree = "<group>"; };
		FF81583C1B80F48900926C44 /* FRVPredictionCell.h */ = {isa = PBXFileReference; fileEncoding = 4; lastKnownFileType = sourcecode.c.h; name = FRVPredictionCell.h; path = View/FRVPredictionCell.h; sourceTree = "<group>"; };
		FF81583D1B80F48900926C44 /* FRVPredictionCell.m */ = {isa = PBXFileReference; fileEncoding = 4; lastKnownFileType = sourcecode.c.objc; name = FRVPredictionCell.m; path = View/FRVPredictionCell.m; sourceTree = "<group>"; };
		FF81583E1B80F48900926C44 /* FRVPredictionCell.xib */ = {isa = PBXFileReference; fileEncoding = 4; lastKnownFileType = file.xib; name = FRVPredictionCell.xib; path = View/FRVPredictionCell.xib; sourceTree = "<group>"; };
		FF8158451B80FC1900926C44 /* bicycle.png */ = {isa = PBXFileReference; lastKnownFileType = image.png; path = bicycle.png; sourceTree = "<group>"; };
		FF8158471B8101EC00926C44 /* bicycle@2x.png */ = {isa = PBXFileReference; lastKnownFileType = image.png; path = "bicycle@2x.png"; sourceTree = "<group>"; };
		FF8256211B7F48D2000FA836 /* applidium.gpx */ = {isa = PBXFileReference; fileEncoding = 4; lastKnownFileType = text.xml; path = applidium.gpx; sourceTree = "<group>"; };
		FF8256231B7F7CE7000FA836 /* Realm.framework */ = {isa = PBXFileReference; lastKnownFileType = wrapper.framework; path = Realm.framework; sourceTree = "<group>"; };
		FF95C0101B7B8FA400678145 /* FRVFetcher.h */ = {isa = PBXFileReference; fileEncoding = 4; lastKnownFileType = sourcecode.c.h; path = FRVFetcher.h; sourceTree = "<group>"; };
		FF95C0111B7B8FA400678145 /* FRVFetcher.m */ = {isa = PBXFileReference; fileEncoding = 4; lastKnownFileType = sourcecode.c.objc; path = FRVFetcher.m; sourceTree = "<group>"; };
		FFBA596A1B7CB99A00BC3E16 /* FRVStation.h */ = {isa = PBXFileReference; fileEncoding = 4; lastKnownFileType = sourcecode.c.h; name = FRVStation.h; path = Model/FRVStation.h; sourceTree = "<group>"; };
		FFBA596B1B7CB99A00BC3E16 /* FRVStation.m */ = {isa = PBXFileReference; fileEncoding = 4; lastKnownFileType = sourcecode.c.objc; name = FRVStation.m; path = Model/FRVStation.m; sourceTree = "<group>"; };
		FFBA596D1B7CBAA000BC3E16 /* FRVStationStore.h */ = {isa = PBXFileReference; fileEncoding = 4; lastKnownFileType = sourcecode.c.h; name = FRVStationStore.h; path = Store/FRVStationStore.h; sourceTree = "<group>"; };
		FFBA596E1B7CBAA000BC3E16 /* FRVStationStore.m */ = {isa = PBXFileReference; fileEncoding = 4; lastKnownFileType = sourcecode.c.objc; name = FRVStationStore.m; path = Store/FRVStationStore.m; sourceTree = "<group>"; };
		FFBD3CE01B7BA6EA00BE288C /* Mapbox */ = {isa = PBXFileReference; lastKnownFileType = folder; path = Mapbox; sourceTree = "<group>"; };
		FFBD3CE21B7BA7BF00BE288C /* CoreLocation.framework */ = {isa = PBXFileReference; lastKnownFileType = wrapper.framework; name = CoreLocation.framework; path = System/Library/Frameworks/CoreLocation.framework; sourceTree = SDKROOT; };
		FFBD3CE41B7BA7C700BE288C /* QuartzCore.framework */ = {isa = PBXFileReference; lastKnownFileType = wrapper.framework; name = QuartzCore.framework; path = System/Library/Frameworks/QuartzCore.framework; sourceTree = SDKROOT; };
		FFBD3CE61B7BA7D000BE288C /* libsqlite3.dylib */ = {isa = PBXFileReference; lastKnownFileType = "compiled.mach-o.dylib"; name = libsqlite3.dylib; path = usr/lib/libsqlite3.dylib; sourceTree = SDKROOT; };
		FFBD3CE81B7BA7D500BE288C /* libz.dylib */ = {isa = PBXFileReference; lastKnownFileType = "compiled.mach-o.dylib"; name = libz.dylib; path = usr/lib/libz.dylib; sourceTree = SDKROOT; };
		FFBD3CEB1B7BA93300BE288C /* FRVContractViewController.h */ = {isa = PBXFileReference; fileEncoding = 4; lastKnownFileType = sourcecode.c.h; path = FRVContractViewController.h; sourceTree = "<group>"; };
		FFBD3CEC1B7BA93300BE288C /* FRVContractViewController.m */ = {isa = PBXFileReference; fileEncoding = 4; lastKnownFileType = sourcecode.c.objc; path = FRVContractViewController.m; sourceTree = "<group>"; };
		FFBD3CEE1B7BAAC400BE288C /* libMapbox.a */ = {isa = PBXFileReference; lastKnownFileType = archive.ar; name = libMapbox.a; path = Velib/Mapbox/libMapbox.a; sourceTree = "<group>"; };
/* End PBXFileReference section */

/* Begin PBXFrameworksBuildPhase section */
		FF0B4D5F1B77663D00437F55 /* Frameworks */ = {
			isa = PBXFrameworksBuildPhase;
			buildActionMask = 2147483647;
			files = (
				FFBD3CEF1B7BAAC400BE288C /* libMapbox.a in Frameworks */,
				FFBD3CE91B7BA7D500BE288C /* libz.dylib in Frameworks */,
				FFBD3CE71B7BA7D000BE288C /* libsqlite3.dylib in Frameworks */,
				FFBD3CE51B7BA7C700BE288C /* QuartzCore.framework in Frameworks */,
				FF8256241B7F7CE7000FA836 /* Realm.framework in Frameworks */,
				FFBD3CE31B7BA7BF00BE288C /* CoreLocation.framework in Frameworks */,
				FF0B4D931B7769D300437F55 /* libc++.dylib in Frameworks */,
			);
			runOnlyForDeploymentPostprocessing = 0;
		};
		FF0B4D781B77663D00437F55 /* Frameworks */ = {
			isa = PBXFrameworksBuildPhase;
			buildActionMask = 2147483647;
			files = (
			);
			runOnlyForDeploymentPostprocessing = 0;
		};
/* End PBXFrameworksBuildPhase section */

/* Begin PBXGroup section */
		FF0B4D591B77663D00437F55 = {
			isa = PBXGroup;
			children = (
				FF8256211B7F48D2000FA836 /* applidium.gpx */,
				FFBD3CEE1B7BAAC400BE288C /* libMapbox.a */,
				FF0B4D921B7769D300437F55 /* libc++.dylib */,
				FF0B4D8E1B7767F400437F55 /* Default-568h@2x.png */,
				FF0B4D641B77663D00437F55 /* Velib */,
				FF0B4D7E1B77663D00437F55 /* VelibTests */,
				FF0B4D631B77663D00437F55 /* Products */,
			);
			sourceTree = "<group>";
		};
		FF0B4D631B77663D00437F55 /* Products */ = {
			isa = PBXGroup;
			children = (
				FF0B4D621B77663D00437F55 /* Velib.app */,
				FF0B4D7B1B77663D00437F55 /* VelibTests.xctest */,
			);
			name = Products;
			sourceTree = "<group>";
		};
		FF0B4D641B77663D00437F55 /* Velib */ = {
			isa = PBXGroup;
			children = (
				FFBA59691B7CB90B00BC3E16 /* Controller */,
				FFBA59681B7CB8FB00BC3E16 /* View */,
				FFBA59671B7CB8BB00BC3E16 /* Store */,
				FFBA59661B7CB8A000BC3E16 /* Model */,
				FFBD3CEA1B7BA8F300BE288C /* Frameworks */,
				FF0B4D691B77663D00437F55 /* AppDelegate.h */,
				FF0B4D6A1B77663D00437F55 /* AppDelegate.m */,
				FF0B4D721B77663D00437F55 /* Images.xcassets */,
				FF0B4D651B77663D00437F55 /* Supporting Files */,
				FF95C0101B7B8FA400678145 /* FRVFetcher.h */,
				FF95C0111B7B8FA400678145 /* FRVFetcher.m */,
				FFBD3CE01B7BA6EA00BE288C /* Mapbox */,
			);
			path = Velib;
			sourceTree = "<group>";
		};
		FF0B4D651B77663D00437F55 /* Supporting Files */ = {
			isa = PBXGroup;
			children = (
				FF0B4D661B77663D00437F55 /* Info.plist */,
				FF0B4D671B77663D00437F55 /* main.m */,
			);
			name = "Supporting Files";
			sourceTree = "<group>";
		};
		FF0B4D7E1B77663D00437F55 /* VelibTests */ = {
			isa = PBXGroup;
			children = (
				FF0B4D811B77663D00437F55 /* VelibTests.m */,
				FF0B4D7F1B77663D00437F55 /* Supporting Files */,
			);
			path = VelibTests;
			sourceTree = "<group>";
		};
		FF0B4D7F1B77663D00437F55 /* Supporting Files */ = {
			isa = PBXGroup;
			children = (
				FF0B4D801B77663D00437F55 /* Info.plist */,
			);
			name = "Supporting Files";
			sourceTree = "<group>";
		};
		FFBA59661B7CB8A000BC3E16 /* Model */ = {
			isa = PBXGroup;
			children = (
				FF100F721B776B3C0069B4C1 /* FRVContract.h */,
				FF100F731B776B3C0069B4C1 /* FRVContract.m */,
				FFBA596A1B7CB99A00BC3E16 /* FRVStation.h */,
				FFBA596B1B7CB99A00BC3E16 /* FRVStation.m */,
				FF100F7D1B777F720069B4C1 /* FRVLastUpdate.h */,
				FF100F7E1B777F720069B4C1 /* FRVLastUpdate.m */,
				FF8158391B8002AE00926C44 /* FRVPrediction.h */,
				FF81583A1B8002AE00926C44 /* FRVPrediction.m */,
			);
			name = Model;
			sourceTree = "<group>";
		};
		FFBA59671B7CB8BB00BC3E16 /* Store */ = {
			isa = PBXGroup;
			children = (
				FF100F7A1B777CEF0069B4C1 /* FRVContractStore.h */,
				FF100F7B1B777CEF0069B4C1 /* FRVContractStore.m */,
				FFBA596D1B7CBAA000BC3E16 /* FRVStationStore.h */,
				FFBA596E1B7CBAA000BC3E16 /* FRVStationStore.m */,
				FF8158361B7FFCBD00926C44 /* FRVPredictionStore.h */,
				FF8158371B7FFCBD00926C44 /* FRVPredictionStore.m */,
				FF8158331B7FFA6600926C44 /* FRVHelper.h */,
				FF8158341B7FFA6600926C44 /* FRVHelper.m */,
			);
			name = Store;
			sourceTree = "<group>";
		};
		FFBA59681B7CB8FB00BC3E16 /* View */ = {
			isa = PBXGroup;
			children = (
				FF100F751B776FB90069B4C1 /* FRVContractCell.h */,
				FF100F761B776FB90069B4C1 /* FRVContractCell.m */,
				FF100F771B776FB90069B4C1 /* FRVContractCell.xib */,
				FF81583C1B80F48900926C44 /* FRVPredictionCell.h */,
				FF81583D1B80F48900926C44 /* FRVPredictionCell.m */,
				FF81583E1B80F48900926C44 /* FRVPredictionCell.xib */,
				FF8158301B7FEF4700926C44 /* FRVStationViewController.xib */,
				FF8158451B80FC1900926C44 /* bicycle.png */,
				FF8158471B8101EC00926C44 /* bicycle@2x.png */,
			);
			name = View;
			sourceTree = "<group>";
		};
		FFBA59691B7CB90B00BC3E16 /* Controller */ = {
			isa = PBXGroup;
			children = (
				FF0B4D8B1B7766CF00437F55 /* FRVContractsViewController.h */,
				FF0B4D8C1B7766CF00437F55 /* FRVContractsViewController.m */,
				FFBD3CEB1B7BA93300BE288C /* FRVContractViewController.h */,
				FFBD3CEC1B7BA93300BE288C /* FRVContractViewController.m */,
				FF81582E1B7FEF4700926C44 /* FRVStationViewController.h */,
				FF81582F1B7FEF4700926C44 /* FRVStationViewController.m */,
			);
			name = Controller;
			sourceTree = "<group>";
		};
		FFBD3CEA1B7BA8F300BE288C /* Frameworks */ = {
			isa = PBXGroup;
			children = (
				FF8256231B7F7CE7000FA836 /* Realm.framework */,
				FFBD3CE81B7BA7D500BE288C /* libz.dylib */,
				FFBD3CE61B7BA7D000BE288C /* libsqlite3.dylib */,
				FFBD3CE21B7BA7BF00BE288C /* CoreLocation.framework */,
				FFBD3CE41B7BA7C700BE288C /* QuartzCore.framework */,
			);
			name = Frameworks;
			sourceTree = "<group>";
		};
/* End PBXGroup section */

/* Begin PBXNativeTarget section */
		FF0B4D611B77663D00437F55 /* Velib */ = {
			isa = PBXNativeTarget;
			buildConfigurationList = FF0B4D851B77663D00437F55 /* Build configuration list for PBXNativeTarget "Velib" */;
			buildPhases = (
				FF0B4D5E1B77663D00437F55 /* Sources */,
				FF0B4D5F1B77663D00437F55 /* Frameworks */,
				FF0B4D601B77663D00437F55 /* Resources */,
			);
			buildRules = (
			);
			dependencies = (
			);
			name = Velib;
			productName = Velib;
			productReference = FF0B4D621B77663D00437F55 /* Velib.app */;
			productType = "com.apple.product-type.application";
		};
		FF0B4D7A1B77663D00437F55 /* VelibTests */ = {
			isa = PBXNativeTarget;
			buildConfigurationList = FF0B4D881B77663D00437F55 /* Build configuration list for PBXNativeTarget "VelibTests" */;
			buildPhases = (
				FF0B4D771B77663D00437F55 /* Sources */,
				FF0B4D781B77663D00437F55 /* Frameworks */,
				FF0B4D791B77663D00437F55 /* Resources */,
			);
			buildRules = (
			);
			dependencies = (
				FF0B4D7D1B77663D00437F55 /* PBXTargetDependency */,
			);
			name = VelibTests;
			productName = VelibTests;
			productReference = FF0B4D7B1B77663D00437F55 /* VelibTests.xctest */;
			productType = "com.apple.product-type.bundle.unit-test";
		};
/* End PBXNativeTarget section */

/* Begin PBXProject section */
		FF0B4D5A1B77663D00437F55 /* Project object */ = {
			isa = PBXProject;
			attributes = {
				LastUpgradeCheck = 0640;
				ORGANIZATIONNAME = "Flavien Raynaud";
				TargetAttributes = {
					FF0B4D611B77663D00437F55 = {
						CreatedOnToolsVersion = 6.4;
					};
					FF0B4D7A1B77663D00437F55 = {
						CreatedOnToolsVersion = 6.4;
						TestTargetID = FF0B4D611B77663D00437F55;
					};
				};
			};
			buildConfigurationList = FF0B4D5D1B77663D00437F55 /* Build configuration list for PBXProject "Velib" */;
			compatibilityVersion = "Xcode 3.2";
			developmentRegion = English;
			hasScannedForEncodings = 0;
			knownRegions = (
				en,
				Base,
			);
			mainGroup = FF0B4D591B77663D00437F55;
			productRefGroup = FF0B4D631B77663D00437F55 /* Products */;
			projectDirPath = "";
			projectRoot = "";
			targets = (
				FF0B4D611B77663D00437F55 /* Velib */,
				FF0B4D7A1B77663D00437F55 /* VelibTests */,
			);
		};
/* End PBXProject section */

/* Begin PBXResourcesBuildPhase section */
		FF0B4D601B77663D00437F55 /* Resources */ = {
			isa = PBXResourcesBuildPhase;
			buildActionMask = 2147483647;
			files = (
				FF8158321B7FEF4700926C44 /* FRVStationViewController.xib in Resources */,
				FF0B4D731B77663D00437F55 /* Images.xcassets in Resources */,
				FF8256221B7F48D2000FA836 /* applidium.gpx in Resources */,
				FFBD3CE11B7BA6EA00BE288C /* Mapbox in Resources */,
				FF8158401B80F48900926C44 /* FRVPredictionCell.xib in Resources */,
				FF8158481B8101EC00926C44 /* bicycle@2x.png in Resources */,
				FF100F791B776FB90069B4C1 /* FRVContractCell.xib in Resources */,
				FF0B4D8F1B7767F400437F55 /* Default-568h@2x.png in Resources */,
				FF8158461B80FC1900926C44 /* bicycle.png in Resources */,
			);
			runOnlyForDeploymentPostprocessing = 0;
		};
		FF0B4D791B77663D00437F55 /* Resources */ = {
			isa = PBXResourcesBuildPhase;
			buildActionMask = 2147483647;
			files = (
			);
			runOnlyForDeploymentPostprocessing = 0;
		};
/* End PBXResourcesBuildPhase section */

/* Begin PBXSourcesBuildPhase section */
		FF0B4D5E1B77663D00437F55 /* Sources */ = {
			isa = PBXSourcesBuildPhase;
			buildActionMask = 2147483647;
			files = (
				FF8158311B7FEF4700926C44 /* FRVStationViewController.m in Sources */,
				FF100F7C1B777CEF0069B4C1 /* FRVContractStore.m in Sources */,
				FF8158351B7FFA6600926C44 /* FRVHelper.m in Sources */,
				FF8158381B7FFCBD00926C44 /* FRVPredictionStore.m in Sources */,
				FF81583B1B8002AE00926C44 /* FRVPrediction.m in Sources */,
				FF100F781B776FB90069B4C1 /* FRVContractCell.m in Sources */,
				FF100F7F1B777F720069B4C1 /* FRVLastUpdate.m in Sources */,
				FF100F741B776B3C0069B4C1 /* FRVContract.m in Sources */,
				FF0B4D8D1B7766CF00437F55 /* FRVContractsViewController.m in Sources */,
				FFBA596C1B7CB99A00BC3E16 /* FRVStation.m in Sources */,
				FFBA596F1B7CBAA000BC3E16 /* FRVStationStore.m in Sources */,
				FFBD3CED1B7BA93300BE288C /* FRVContractViewController.m in Sources */,
				FF0B4D6B1B77663D00437F55 /* AppDelegate.m in Sources */,
				FF81583F1B80F48900926C44 /* FRVPredictionCell.m in Sources */,
				FF95C0121B7B8FA400678145 /* FRVFetcher.m in Sources */,
				FF0B4D681B77663D00437F55 /* main.m in Sources */,
			);
			runOnlyForDeploymentPostprocessing = 0;
		};
		FF0B4D771B77663D00437F55 /* Sources */ = {
			isa = PBXSourcesBuildPhase;
			buildActionMask = 2147483647;
			files = (
				FF0B4D821B77663D00437F55 /* VelibTests.m in Sources */,
			);
			runOnlyForDeploymentPostprocessing = 0;
		};
/* End PBXSourcesBuildPhase section */

/* Begin PBXTargetDependency section */
		FF0B4D7D1B77663D00437F55 /* PBXTargetDependency */ = {
			isa = PBXTargetDependency;
			target = FF0B4D611B77663D00437F55 /* Velib */;
			targetProxy = FF0B4D7C1B77663D00437F55 /* PBXContainerItemProxy */;
		};
/* End PBXTargetDependency section */

/* Begin XCBuildConfiguration section */
		FF0B4D831B77663D00437F55 /* Debug */ = {
			isa = XCBuildConfiguration;
			buildSettings = {
				ALWAYS_SEARCH_USER_PATHS = NO;
				CLANG_CXX_LANGUAGE_STANDARD = "gnu++0x";
				CLANG_CXX_LIBRARY = "libc++";
				CLANG_ENABLE_MODULES = YES;
				CLANG_ENABLE_OBJC_ARC = YES;
				CLANG_WARN_BOOL_CONVERSION = YES;
				CLANG_WARN_CONSTANT_CONVERSION = YES;
				CLANG_WARN_DIRECT_OBJC_ISA_USAGE = YES_ERROR;
				CLANG_WARN_EMPTY_BODY = YES;
				CLANG_WARN_ENUM_CONVERSION = YES;
				CLANG_WARN_INT_CONVERSION = YES;
				CLANG_WARN_OBJC_ROOT_CLASS = YES_ERROR;
				CLANG_WARN_UNREACHABLE_CODE = YES;
				CLANG_WARN__DUPLICATE_METHOD_MATCH = YES;
				"CODE_SIGN_IDENTITY[sdk=iphoneos*]" = "iPhone Developer";
				COPY_PHASE_STRIP = NO;
				DEBUG_INFORMATION_FORMAT = "dwarf-with-dsym";
				ENABLE_STRICT_OBJC_MSGSEND = YES;
				GCC_C_LANGUAGE_STANDARD = gnu99;
				GCC_DYNAMIC_NO_PIC = NO;
				GCC_NO_COMMON_BLOCKS = YES;
				GCC_OPTIMIZATION_LEVEL = 0;
				GCC_PREPROCESSOR_DEFINITIONS = (
					"DEBUG=1",
					"$(inherited)",
				);
				GCC_SYMBOLS_PRIVATE_EXTERN = NO;
				GCC_WARN_64_TO_32_BIT_CONVERSION = YES;
				GCC_WARN_ABOUT_RETURN_TYPE = YES_ERROR;
				GCC_WARN_UNDECLARED_SELECTOR = YES;
				GCC_WARN_UNINITIALIZED_AUTOS = YES_AGGRESSIVE;
				GCC_WARN_UNUSED_FUNCTION = YES;
				GCC_WARN_UNUSED_VARIABLE = YES;
				IPHONEOS_DEPLOYMENT_TARGET = 8.4;
				MTL_ENABLE_DEBUG_INFO = YES;
				ONLY_ACTIVE_ARCH = YES;
				SDKROOT = iphoneos;
			};
			name = Debug;
		};
		FF0B4D841B77663D00437F55 /* Release */ = {
			isa = XCBuildConfiguration;
			buildSettings = {
				ALWAYS_SEARCH_USER_PATHS = NO;
				CLANG_CXX_LANGUAGE_STANDARD = "gnu++0x";
				CLANG_CXX_LIBRARY = "libc++";
				CLANG_ENABLE_MODULES = YES;
				CLANG_ENABLE_OBJC_ARC = YES;
				CLANG_WARN_BOOL_CONVERSION = YES;
				CLANG_WARN_CONSTANT_CONVERSION = YES;
				CLANG_WARN_DIRECT_OBJC_ISA_USAGE = YES_ERROR;
				CLANG_WARN_EMPTY_BODY = YES;
				CLANG_WARN_ENUM_CONVERSION = YES;
				CLANG_WARN_INT_CONVERSION = YES;
				CLANG_WARN_OBJC_ROOT_CLASS = YES_ERROR;
				CLANG_WARN_UNREACHABLE_CODE = YES;
				CLANG_WARN__DUPLICATE_METHOD_MATCH = YES;
				"CODE_SIGN_IDENTITY[sdk=iphoneos*]" = "iPhone Developer";
				COPY_PHASE_STRIP = NO;
				DEBUG_INFORMATION_FORMAT = "dwarf-with-dsym";
				ENABLE_NS_ASSERTIONS = NO;
				ENABLE_STRICT_OBJC_MSGSEND = YES;
				GCC_C_LANGUAGE_STANDARD = gnu99;
				GCC_NO_COMMON_BLOCKS = YES;
				GCC_WARN_64_TO_32_BIT_CONVERSION = YES;
				GCC_WARN_ABOUT_RETURN_TYPE = YES_ERROR;
				GCC_WARN_UNDECLARED_SELECTOR = YES;
				GCC_WARN_UNINITIALIZED_AUTOS = YES_AGGRESSIVE;
				GCC_WARN_UNUSED_FUNCTION = YES;
				GCC_WARN_UNUSED_VARIABLE = YES;
				IPHONEOS_DEPLOYMENT_TARGET = 8.4;
				MTL_ENABLE_DEBUG_INFO = NO;
				SDKROOT = iphoneos;
				VALIDATE_PRODUCT = YES;
			};
			name = Release;
		};
		FF0B4D861B77663D00437F55 /* Debug */ = {
			isa = XCBuildConfiguration;
			buildSettings = {
				ASSETCATALOG_COMPILER_APPICON_NAME = AppIcon;
				FRAMEWORK_SEARCH_PATHS = (
					"$(inherited)",
					"$(PROJECT_DIR)/Velib",
				);
				HEADER_SEARCH_PATHS = (
					"$(inherited)",
					"$(SRCROOT)/Velib/Mapbox/Headers",
					/Applications/Xcode.app/Contents/Developer/Toolchains/XcodeDefault.xctoolchain/usr/include,
				);
				INFOPLIST_FILE = Velib/Info.plist;
				LD_RUNPATH_SEARCH_PATHS = "$(inherited) @executable_path/Frameworks";
				LIBRARY_SEARCH_PATHS = (
					"$(inherited)",
					"$(PROJECT_DIR)/Velib/Mapbox",
				);
				OTHER_LDFLAGS = "-ObjC";
				PRODUCT_NAME = "$(TARGET_NAME)";
				TARGETED_DEVICE_FAMILY = "1,2";
			};
			name = Debug;
		};
		FF0B4D871B77663D00437F55 /* Release */ = {
			isa = XCBuildConfiguration;
			buildSettings = {
				ASSETCATALOG_COMPILER_APPICON_NAME = AppIcon;
				FRAMEWORK_SEARCH_PATHS = (
					"$(inherited)",
					"$(PROJECT_DIR)/Velib",
				);
				HEADER_SEARCH_PATHS = (
					"$(inherited)",
					"$(SRCROOT)/Velib/Mapbox/Headers",
					/Applications/Xcode.app/Contents/Developer/Toolchains/XcodeDefault.xctoolchain/usr/include,
				);
				INFOPLIST_FILE = Velib/Info.plist;
				LD_RUNPATH_SEARCH_PATHS = "$(inherited) @executable_path/Frameworks";
				LIBRARY_SEARCH_PATHS = (
					"$(inherited)",
					"$(PROJECT_DIR)/Velib/Mapbox",
				);
				OTHER_LDFLAGS = "-ObjC";
				PRODUCT_NAME = "$(TARGET_NAME)";
				TARGETED_DEVICE_FAMILY = "1,2";
			};
			name = Release;
		};
		FF0B4D891B77663D00437F55 /* Debug */ = {
			isa = XCBuildConfiguration;
			buildSettings = {
				BUNDLE_LOADER = "$(TEST_HOST)";
				FRAMEWORK_SEARCH_PATHS = (
					"$(SDKROOT)/Developer/Library/Frameworks",
					"$(inherited)",
				);
				GCC_PREPROCESSOR_DEFINITIONS = (
					"DEBUG=1",
					"$(inherited)",
				);
				INFOPLIST_FILE = VelibTests/Info.plist;
				LD_RUNPATH_SEARCH_PATHS = "$(inherited) @executable_path/Frameworks @loader_path/Frameworks";
				PRODUCT_NAME = "$(TARGET_NAME)";
				TEST_HOST = "$(BUILT_PRODUCTS_DIR)/Velib.app/Velib";
			};
			name = Debug;
		};
		FF0B4D8A1B77663D00437F55 /* Release */ = {
			isa = XCBuildConfiguration;
			buildSettings = {
				BUNDLE_LOADER = "$(TEST_HOST)";
				FRAMEWORK_SEARCH_PATHS = (
					"$(SDKROOT)/Developer/Library/Frameworks",
					"$(inherited)",
				);
				INFOPLIST_FILE = VelibTests/Info.plist;
				LD_RUNPATH_SEARCH_PATHS = "$(inherited) @executable_path/Frameworks @loader_path/Frameworks";
				PRODUCT_NAME = "$(TARGET_NAME)";
				TEST_HOST = "$(BUILT_PRODUCTS_DIR)/Velib.app/Velib";
			};
			name = Release;
		};
/* End XCBuildConfiguration section */

/* Begin XCConfigurationList section */
		FF0B4D5D1B77663D00437F55 /* Build configuration list for PBXProject "Velib" */ = {
			isa = XCConfigurationList;
			buildConfigurations = (
				FF0B4D831B77663D00437F55 /* Debug */,
				FF0B4D841B77663D00437F55 /* Release */,
			);
			defaultConfigurationIsVisible = 0;
			defaultConfigurationName = Release;
		};
		FF0B4D851B77663D00437F55 /* Build configuration list for PBXNativeTarget "Velib" */ = {
			isa = XCConfigurationList;
			buildConfigurations = (
				FF0B4D861B77663D00437F55 /* Debug */,
				FF0B4D871B77663D00437F55 /* Release */,
			);
			defaultConfigurationIsVisible = 0;
			defaultConfigurationName = Release;
		};
		FF0B4D881B77663D00437F55 /* Build configuration list for PBXNativeTarget "VelibTests" */ = {
			isa = XCConfigurationList;
			buildConfigurations = (
				FF0B4D891B77663D00437F55 /* Debug */,
				FF0B4D8A1B77663D00437F55 /* Release */,
			);
			defaultConfigurationIsVisible = 0;
			defaultConfigurationName = Release;
		};
/* End XCConfigurationList section */
	};
	rootObject = FF0B4D5A1B77663D00437F55 /* Project object */;
}
