// !$*UTF8*$!
{
	archiveVersion = 1;
	classes = {
	};
	objectVersion = 46;
	objects = {

/* Begin PBXBuildFile section */
		FF0B4D681B77663D00437F55 /* main.m in Sources */ = {isa = PBXBuildFile; fileRef = FF0B4D671B77663D00437F55 /* main.m */; };
		FF0B4D731B77663D00437F55 /* Images.xcassets in Resources */ = {isa = PBXBuildFile; fileRef = FF0B4D721B77663D00437F55 /* Images.xcassets */; };
		FF0B4D821B77663D00437F55 /* VelibTests.m in Sources */ = {isa = PBXBuildFile; fileRef = FF0B4D811B77663D00437F55 /* VelibTests.m */; };
		FF0B4D931B7769D300437F55 /* libc++.dylib in Frameworks */ = {isa = PBXBuildFile; fileRef = FF0B4D921B7769D300437F55 /* libc++.dylib */; };
		FFA039291BA08E470018142E /* FRVContract.m in Sources */ = {isa = PBXBuildFile; fileRef = FFA039221BA08E470018142E /* FRVContract.m */; };
		FFA0392A1BA08E470018142E /* FRVLastUpdate.m in Sources */ = {isa = PBXBuildFile; fileRef = FFA039241BA08E470018142E /* FRVLastUpdate.m */; };
		FFA0392B1BA08E470018142E /* FRVPrediction.m in Sources */ = {isa = PBXBuildFile; fileRef = FFA039261BA08E470018142E /* FRVPrediction.m */; };
		FFA0392C1BA08E470018142E /* FRVStation.m in Sources */ = {isa = PBXBuildFile; fileRef = FFA039281BA08E470018142E /* FRVStation.m */; };
		FFA039361BA08E820018142E /* FRVContractsViewController.m in Sources */ = {isa = PBXBuildFile; fileRef = FFA0392F1BA08E820018142E /* FRVContractsViewController.m */; };
		FFA039371BA08E820018142E /* FRVContractViewController.m in Sources */ = {isa = PBXBuildFile; fileRef = FFA039311BA08E820018142E /* FRVContractViewController.m */; };
		FFA039381BA08E820018142E /* FRVStationSearchViewController.m in Sources */ = {isa = PBXBuildFile; fileRef = FFA039331BA08E820018142E /* FRVStationSearchViewController.m */; };
		FFA039391BA08E820018142E /* FRVStationViewController.m in Sources */ = {isa = PBXBuildFile; fileRef = FFA039351BA08E820018142E /* FRVStationViewController.m */; };
		FFA039411BA08EB10018142E /* FRVContractCell.m in Sources */ = {isa = PBXBuildFile; fileRef = FFA0393C1BA08EB10018142E /* FRVContractCell.m */; };
		FFA039421BA08EB10018142E /* FRVPredictionCell.m in Sources */ = {isa = PBXBuildFile; fileRef = FFA0393E1BA08EB10018142E /* FRVPredictionCell.m */; };
		FFA039431BA08EB10018142E /* FRVStationSearchCell.m in Sources */ = {isa = PBXBuildFile; fileRef = FFA039401BA08EB10018142E /* FRVStationSearchCell.m */; };
		FFA0394B1BA08EDC0018142E /* FRVContractStore.m in Sources */ = {isa = PBXBuildFile; fileRef = FFA039461BA08EDC0018142E /* FRVContractStore.m */; };
		FFA0394C1BA08EDC0018142E /* FRVPredictionStore.m in Sources */ = {isa = PBXBuildFile; fileRef = FFA039481BA08EDC0018142E /* FRVPredictionStore.m */; };
		FFA0394D1BA08EDC0018142E /* FRVStationStore.m in Sources */ = {isa = PBXBuildFile; fileRef = FFA0394A1BA08EDC0018142E /* FRVStationStore.m */; };
		FFA039501BA08EE90018142E /* FRVHelper.m in Sources */ = {isa = PBXBuildFile; fileRef = FFA0394F1BA08EE90018142E /* FRVHelper.m */; };
		FFA039531BA171D00018142E /* AppDelegate.m in Sources */ = {isa = PBXBuildFile; fileRef = FFA039521BA171D00018142E /* AppDelegate.m */; };
		FFA039561BA171F30018142E /* FRVFetcher.m in Sources */ = {isa = PBXBuildFile; fileRef = FFA039551BA171F30018142E /* FRVFetcher.m */; };
		FFA039591BA1722B0018142E /* Mapbox in Resources */ = {isa = PBXBuildFile; fileRef = FFA039571BA1722B0018142E /* Mapbox */; };
		FFA0395A1BA1722B0018142E /* Realm.framework in Frameworks */ = {isa = PBXBuildFile; fileRef = FFA039581BA1722B0018142E /* Realm.framework */; };
		FFA039661BA1724C0018142E /* bicycle.png in Resources */ = {isa = PBXBuildFile; fileRef = FFA0395C1BA1724C0018142E /* bicycle.png */; };
		FFA039671BA1724C0018142E /* bicycle@2x.png in Resources */ = {isa = PBXBuildFile; fileRef = FFA0395D1BA1724C0018142E /* bicycle@2x.png */; };
		FFA039681BA1724C0018142E /* Default-568h@2x.png in Resources */ = {isa = PBXBuildFile; fileRef = FFA0395E1BA1724C0018142E /* Default-568h@2x.png */; };
		FFA039691BA1724C0018142E /* FRVContractCell.xib in Resources */ = {isa = PBXBuildFile; fileRef = FFA0395F1BA1724C0018142E /* FRVContractCell.xib */; };
		FFA0396A1BA1724C0018142E /* FRVPredictionCell.xib in Resources */ = {isa = PBXBuildFile; fileRef = FFA039601BA1724C0018142E /* FRVPredictionCell.xib */; };
		FFA0396B1BA1724C0018142E /* FRVStationSearchCell.xib in Resources */ = {isa = PBXBuildFile; fileRef = FFA039611BA1724C0018142E /* FRVStationSearchCell.xib */; };
		FFA0396C1BA1724C0018142E /* FRVStationSearchViewController.xib in Resources */ = {isa = PBXBuildFile; fileRef = FFA039621BA1724C0018142E /* FRVStationSearchViewController.xib */; };
		FFA0396D1BA1724C0018142E /* FRVStationViewController.xib in Resources */ = {isa = PBXBuildFile; fileRef = FFA039631BA1724C0018142E /* FRVStationViewController.xib */; };
		FFA0396E1BA1724C0018142E /* Map.png in Resources */ = {isa = PBXBuildFile; fileRef = FFA039641BA1724C0018142E /* Map.png */; };
		FFA0396F1BA1724C0018142E /* Map@2x.png in Resources */ = {isa = PBXBuildFile; fileRef = FFA039651BA1724C0018142E /* Map@2x.png */; };
		FFA039731BA173610018142E /* libMapbox.a in Frameworks */ = {isa = PBXBuildFile; fileRef = FFA039721BA173610018142E /* libMapbox.a */; };
		FFBD3CE31B7BA7BF00BE288C /* CoreLocation.framework in Frameworks */ = {isa = PBXBuildFile; fileRef = FFBD3CE21B7BA7BF00BE288C /* CoreLocation.framework */; };
		FFBD3CE51B7BA7C700BE288C /* QuartzCore.framework in Frameworks */ = {isa = PBXBuildFile; fileRef = FFBD3CE41B7BA7C700BE288C /* QuartzCore.framework */; };
		FFBD3CE71B7BA7D000BE288C /* libsqlite3.dylib in Frameworks */ = {isa = PBXBuildFile; fileRef = FFBD3CE61B7BA7D000BE288C /* libsqlite3.dylib */; };
		FFBD3CE91B7BA7D500BE288C /* libz.dylib in Frameworks */ = {isa = PBXBuildFile; fileRef = FFBD3CE81B7BA7D500BE288C /* libz.dylib */; };
/* End PBXBuildFile section */

/* Begin PBXContainerItemProxy section */
		FF0B4D7C1B77663D00437F55 /* PBXContainerItemProxy */ = {
			isa = PBXContainerItemProxy;
			containerPortal = FF0B4D5A1B77663D00437F55 /* Project object */;
			proxyType = 1;
			remoteGlobalIDString = FF0B4D611B77663D00437F55;
			remoteInfo = Velib;
		};
/* End PBXContainerItemProxy section */

/* Begin PBXFileReference section */
		FF0B4D621B77663D00437F55 /* Velib.app */ = {isa = PBXFileReference; explicitFileType = wrapper.application; includeInIndex = 0; path = Velib.app; sourceTree = BUILT_PRODUCTS_DIR; };
		FF0B4D661B77663D00437F55 /* Info.plist */ = {isa = PBXFileReference; lastKnownFileType = text.plist.xml; path = Info.plist; sourceTree = "<group>"; };
		FF0B4D671B77663D00437F55 /* main.m */ = {isa = PBXFileReference; lastKnownFileType = sourcecode.c.objc; path = main.m; sourceTree = "<group>"; };
		FF0B4D721B77663D00437F55 /* Images.xcassets */ = {isa = PBXFileReference; lastKnownFileType = folder.assetcatalog; path = Images.xcassets; sourceTree = "<group>"; };
		FF0B4D7B1B77663D00437F55 /* VelibTests.xctest */ = {isa = PBXFileReference; explicitFileType = wrapper.cfbundle; includeInIndex = 0; path = VelibTests.xctest; sourceTree = BUILT_PRODUCTS_DIR; };
		FF0B4D801B77663D00437F55 /* Info.plist */ = {isa = PBXFileReference; lastKnownFileType = text.plist.xml; path = Info.plist; sourceTree = "<group>"; };
		FF0B4D811B77663D00437F55 /* VelibTests.m */ = {isa = PBXFileReference; lastKnownFileType = sourcecode.c.objc; path = VelibTests.m; sourceTree = "<group>"; };
		FF0B4D921B7769D300437F55 /* libc++.dylib */ = {isa = PBXFileReference; lastKnownFileType = "compiled.mach-o.dylib"; name = "libc++.dylib"; path = "usr/lib/libc++.dylib"; sourceTree = SDKROOT; };
		FFA039211BA08E470018142E /* FRVContract.h */ = {isa = PBXFileReference; fileEncoding = 4; lastKnownFileType = sourcecode.c.h; name = FRVContract.h; path = Classes/FRVContract.h; sourceTree = "<group>"; };
		FFA039221BA08E470018142E /* FRVContract.m */ = {isa = PBXFileReference; fileEncoding = 4; lastKnownFileType = sourcecode.c.objc; name = FRVContract.m; path = Classes/FRVContract.m; sourceTree = "<group>"; };
		FFA039231BA08E470018142E /* FRVLastUpdate.h */ = {isa = PBXFileReference; fileEncoding = 4; lastKnownFileType = sourcecode.c.h; name = FRVLastUpdate.h; path = Classes/FRVLastUpdate.h; sourceTree = "<group>"; };
		FFA039241BA08E470018142E /* FRVLastUpdate.m */ = {isa = PBXFileReference; fileEncoding = 4; lastKnownFileType = sourcecode.c.objc; name = FRVLastUpdate.m; path = Classes/FRVLastUpdate.m; sourceTree = "<group>"; };
		FFA039251BA08E470018142E /* FRVPrediction.h */ = {isa = PBXFileReference; fileEncoding = 4; lastKnownFileType = sourcecode.c.h; name = FRVPrediction.h; path = Classes/FRVPrediction.h; sourceTree = "<group>"; };
		FFA039261BA08E470018142E /* FRVPrediction.m */ = {isa = PBXFileReference; fileEncoding = 4; lastKnownFileType = sourcecode.c.objc; name = FRVPrediction.m; path = Classes/FRVPrediction.m; sourceTree = "<group>"; };
		FFA039271BA08E470018142E /* FRVStation.h */ = {isa = PBXFileReference; fileEncoding = 4; lastKnownFileType = sourcecode.c.h; name = FRVStation.h; path = Classes/FRVStation.h; sourceTree = "<group>"; };
		FFA039281BA08E470018142E /* FRVStation.m */ = {isa = PBXFileReference; fileEncoding = 4; lastKnownFileType = sourcecode.c.objc; name = FRVStation.m; path = Classes/FRVStation.m; sourceTree = "<group>"; };
		FFA0392E1BA08E820018142E /* FRVContractsViewController.h */ = {isa = PBXFileReference; fileEncoding = 4; lastKnownFileType = sourcecode.c.h; name = FRVContractsViewController.h; path = Classes/FRVContractsViewController.h; sourceTree = "<group>"; };
		FFA0392F1BA08E820018142E /* FRVContractsViewController.m */ = {isa = PBXFileReference; fileEncoding = 4; lastKnownFileType = sourcecode.c.objc; name = FRVContractsViewController.m; path = Classes/FRVContractsViewController.m; sourceTree = "<group>"; };
		FFA039301BA08E820018142E /* FRVContractViewController.h */ = {isa = PBXFileReference; fileEncoding = 4; lastKnownFileType = sourcecode.c.h; name = FRVContractViewController.h; path = Classes/FRVContractViewController.h; sourceTree = "<group>"; };
		FFA039311BA08E820018142E /* FRVContractViewController.m */ = {isa = PBXFileReference; fileEncoding = 4; lastKnownFileType = sourcecode.c.objc; name = FRVContractViewController.m; path = Classes/FRVContractViewController.m; sourceTree = "<group>"; };
		FFA039321BA08E820018142E /* FRVStationSearchViewController.h */ = {isa = PBXFileReference; fileEncoding = 4; lastKnownFileType = sourcecode.c.h; name = FRVStationSearchViewController.h; path = Classes/FRVStationSearchViewController.h; sourceTree = "<group>"; };
		FFA039331BA08E820018142E /* FRVStationSearchViewController.m */ = {isa = PBXFileReference; fileEncoding = 4; lastKnownFileType = sourcecode.c.objc; name = FRVStationSearchViewController.m; path = Classes/FRVStationSearchViewController.m; sourceTree = "<group>"; };
		FFA039341BA08E820018142E /* FRVStationViewController.h */ = {isa = PBXFileReference; fileEncoding = 4; lastKnownFileType = sourcecode.c.h; name = FRVStationViewController.h; path = Classes/FRVStationViewController.h; sourceTree = "<group>"; };
		FFA039351BA08E820018142E /* FRVStationViewController.m */ = {isa = PBXFileReference; fileEncoding = 4; lastKnownFileType = sourcecode.c.objc; name = FRVStationViewController.m; path = Classes/FRVStationViewController.m; sourceTree = "<group>"; };
		FFA0393B1BA08EB10018142E /* FRVContractCell.h */ = {isa = PBXFileReference; fileEncoding = 4; lastKnownFileType = sourcecode.c.h; name = FRVContractCell.h; path = Classes/FRVContractCell.h; sourceTree = "<group>"; };
		FFA0393C1BA08EB10018142E /* FRVContractCell.m */ = {isa = PBXFileReference; fileEncoding = 4; lastKnownFileType = sourcecode.c.objc; name = FRVContractCell.m; path = Classes/FRVContractCell.m; sourceTree = "<group>"; };
		FFA0393D1BA08EB10018142E /* FRVPredictionCell.h */ = {isa = PBXFileReference; fileEncoding = 4; lastKnownFileType = sourcecode.c.h; name = FRVPredictionCell.h; path = Classes/FRVPredictionCell.h; sourceTree = "<group>"; };
		FFA0393E1BA08EB10018142E /* FRVPredictionCell.m */ = {isa = PBXFileReference; fileEncoding = 4; lastKnownFileType = sourcecode.c.objc; name = FRVPredictionCell.m; path = Classes/FRVPredictionCell.m; sourceTree = "<group>"; };
		FFA0393F1BA08EB10018142E /* FRVStationSearchCell.h */ = {isa = PBXFileReference; fileEncoding = 4; lastKnownFileType = sourcecode.c.h; name = FRVStationSearchCell.h; path = Classes/FRVStationSearchCell.h; sourceTree = "<group>"; };
		FFA039401BA08EB10018142E /* FRVStationSearchCell.m */ = {isa = PBXFileReference; fileEncoding = 4; lastKnownFileType = sourcecode.c.objc; name = FRVStationSearchCell.m; path = Classes/FRVStationSearchCell.m; sourceTree = "<group>"; };
		FFA039451BA08EDC0018142E /* FRVContractStore.h */ = {isa = PBXFileReference; fileEncoding = 4; lastKnownFileType = sourcecode.c.h; name = FRVContractStore.h; path = Classes/FRVContractStore.h; sourceTree = "<group>"; };
		FFA039461BA08EDC0018142E /* FRVContractStore.m */ = {isa = PBXFileReference; fileEncoding = 4; lastKnownFileType = sourcecode.c.objc; name = FRVContractStore.m; path = Classes/FRVContractStore.m; sourceTree = "<group>"; };
		FFA039471BA08EDC0018142E /* FRVPredictionStore.h */ = {isa = PBXFileReference; fileEncoding = 4; lastKnownFileType = sourcecode.c.h; name = FRVPredictionStore.h; path = Classes/FRVPredictionStore.h; sourceTree = "<group>"; };
		FFA039481BA08EDC0018142E /* FRVPredictionStore.m */ = {isa = PBXFileReference; fileEncoding = 4; lastKnownFileType = sourcecode.c.objc; name = FRVPredictionStore.m; path = Classes/FRVPredictionStore.m; sourceTree = "<group>"; };
		FFA039491BA08EDC0018142E /* FRVStationStore.h */ = {isa = PBXFileReference; fileEncoding = 4; lastKnownFileType = sourcecode.c.h; name = FRVStationStore.h; path = Classes/FRVStationStore.h; sourceTree = "<group>"; };
		FFA0394A1BA08EDC0018142E /* FRVStationStore.m */ = {isa = PBXFileReference; fileEncoding = 4; lastKnownFileType = sourcecode.c.objc; name = FRVStationStore.m; path = Classes/FRVStationStore.m; sourceTree = "<group>"; };
		FFA0394E1BA08EE90018142E /* FRVHelper.h */ = {isa = PBXFileReference; fileEncoding = 4; lastKnownFileType = sourcecode.c.h; name = FRVHelper.h; path = Classes/FRVHelper.h; sourceTree = "<group>"; };
		FFA0394F1BA08EE90018142E /* FRVHelper.m */ = {isa = PBXFileReference; fileEncoding = 4; lastKnownFileType = sourcecode.c.objc; name = FRVHelper.m; path = Classes/FRVHelper.m; sourceTree = "<group>"; };
		FFA039511BA171D00018142E /* AppDelegate.h */ = {isa = PBXFileReference; fileEncoding = 4; lastKnownFileType = sourcecode.c.h; name = AppDelegate.h; path = Classes/AppDelegate.h; sourceTree = "<group>"; };
		FFA039521BA171D00018142E /* AppDelegate.m */ = {isa = PBXFileReference; fileEncoding = 4; lastKnownFileType = sourcecode.c.objc; name = AppDelegate.m; path = Classes/AppDelegate.m; sourceTree = "<group>"; };
		FFA039541BA171F30018142E /* FRVFetcher.h */ = {isa = PBXFileReference; fileEncoding = 4; lastKnownFileType = sourcecode.c.h; name = FRVFetcher.h; path = Classes/FRVFetcher.h; sourceTree = "<group>"; };
		FFA039551BA171F30018142E /* FRVFetcher.m */ = {isa = PBXFileReference; fileEncoding = 4; lastKnownFileType = sourcecode.c.objc; name = FRVFetcher.m; path = Classes/FRVFetcher.m; sourceTree = "<group>"; };
		FFA039571BA1722B0018142E /* Mapbox */ = {isa = PBXFileReference; lastKnownFileType = folder; name = Mapbox; path = External/Mapbox; sourceTree = "<group>"; };
		FFA039581BA1722B0018142E /* Realm.framework */ = {isa = PBXFileReference; lastKnownFileType = wrapper.framework; name = Realm.framework; path = External/Realm.framework; sourceTree = "<group>"; };
		FFA0395C1BA1724C0018142E /* bicycle.png */ = {isa = PBXFileReference; lastKnownFileType = image.png; name = bicycle.png; path = Resources/bicycle.png; sourceTree = "<group>"; };
		FFA0395D1BA1724C0018142E /* bicycle@2x.png */ = {isa = PBXFileReference; lastKnownFileType = image.png; name = "bicycle@2x.png"; path = "Resources/bicycle@2x.png"; sourceTree = "<group>"; };
		FFA0395E1BA1724C0018142E /* Default-568h@2x.png */ = {isa = PBXFileReference; lastKnownFileType = image.png; name = "Default-568h@2x.png"; path = "Resources/Default-568h@2x.png"; sourceTree = "<group>"; };
		FFA0395F1BA1724C0018142E /* FRVContractCell.xib */ = {isa = PBXFileReference; fileEncoding = 4; lastKnownFileType = file.xib; name = FRVContractCell.xib; path = Resources/FRVContractCell.xib; sourceTree = "<group>"; };
		FFA039601BA1724C0018142E /* FRVPredictionCell.xib */ = {isa = PBXFileReference; fileEncoding = 4; lastKnownFileType = file.xib; name = FRVPredictionCell.xib; path = Resources/FRVPredictionCell.xib; sourceTree = "<group>"; };
		FFA039611BA1724C0018142E /* FRVStationSearchCell.xib */ = {isa = PBXFileReference; fileEncoding = 4; lastKnownFileType = file.xib; name = FRVStationSearchCell.xib; path = Resources/FRVStationSearchCell.xib; sourceTree = "<group>"; };
		FFA039621BA1724C0018142E /* FRVStationSearchViewController.xib */ = {isa = PBXFileReference; fileEncoding = 4; lastKnownFileType = file.xib; name = FRVStationSearchViewController.xib; path = Resources/FRVStationSearchViewController.xib; sourceTree = "<group>"; };
		FFA039631BA1724C0018142E /* FRVStationViewController.xib */ = {isa = PBXFileReference; fileEncoding = 4; lastKnownFileType = file.xib; name = FRVStationViewController.xib; path = Resources/FRVStationViewController.xib; sourceTree = "<group>"; };
		FFA039641BA1724C0018142E /* Map.png */ = {isa = PBXFileReference; lastKnownFileType = image.png; name = Map.png; path = Resources/Map.png; sourceTree = "<group>"; };
		FFA039651BA1724C0018142E /* Map@2x.png */ = {isa = PBXFileReference; lastKnownFileType = image.png; name = "Map@2x.png"; path = "Resources/Map@2x.png"; sourceTree = "<group>"; };
		FFA039721BA173610018142E /* libMapbox.a */ = {isa = PBXFileReference; lastKnownFileType = archive.ar; name = libMapbox.a; path = Velib/External/Mapbox/libMapbox.a; sourceTree = "<group>"; };
		FFBD3CE21B7BA7BF00BE288C /* CoreLocation.framework */ = {isa = PBXFileReference; lastKnownFileType = wrapper.framework; name = CoreLocation.framework; path = System/Library/Frameworks/CoreLocation.framework; sourceTree = SDKROOT; };
		FFBD3CE41B7BA7C700BE288C /* QuartzCore.framework */ = {isa = PBXFileReference; lastKnownFileType = wrapper.framework; name = QuartzCore.framework; path = System/Library/Frameworks/QuartzCore.framework; sourceTree = SDKROOT; };
		FFBD3CE61B7BA7D000BE288C /* libsqlite3.dylib */ = {isa = PBXFileReference; lastKnownFileType = "compiled.mach-o.dylib"; name = libsqlite3.dylib; path = usr/lib/libsqlite3.dylib; sourceTree = SDKROOT; };
		FFBD3CE81B7BA7D500BE288C /* libz.dylib */ = {isa = PBXFileReference; lastKnownFileType = "compiled.mach-o.dylib"; name = libz.dylib; path = usr/lib/libz.dylib; sourceTree = SDKROOT; };
/* End PBXFileReference section */

/* Begin PBXFrameworksBuildPhase section */
		FF0B4D5F1B77663D00437F55 /* Frameworks */ = {
			isa = PBXFrameworksBuildPhase;
			buildActionMask = 2147483647;
			files = (
				FFA039731BA173610018142E /* libMapbox.a in Frameworks */,
				FFBD3CE91B7BA7D500BE288C /* libz.dylib in Frameworks */,
				FFBD3CE71B7BA7D000BE288C /* libsqlite3.dylib in Frameworks */,
				FFBD3CE51B7BA7C700BE288C /* QuartzCore.framework in Frameworks */,
				FFA0395A1BA1722B0018142E /* Realm.framework in Frameworks */,
				FFBD3CE31B7BA7BF00BE288C /* CoreLocation.framework in Frameworks */,
				FF0B4D931B7769D300437F55 /* libc++.dylib in Frameworks */,
			);
			runOnlyForDeploymentPostprocessing = 0;
		};
		FF0B4D781B77663D00437F55 /* Frameworks */ = {
			isa = PBXFrameworksBuildPhase;
			buildActionMask = 2147483647;
			files = (
			);
			runOnlyForDeploymentPostprocessing = 0;
		};
/* End PBXFrameworksBuildPhase section */

/* Begin PBXGroup section */
		FF0B4D591B77663D00437F55 = {
			isa = PBXGroup;
			children = (
				FFA039721BA173610018142E /* libMapbox.a */,
				FF0B4D921B7769D300437F55 /* libc++.dylib */,
				FF0B4D641B77663D00437F55 /* Velib */,
				FF0B4D7E1B77663D00437F55 /* VelibTests */,
				FF0B4D631B77663D00437F55 /* Products */,
			);
			sourceTree = "<group>";
		};
		FF0B4D631B77663D00437F55 /* Products */ = {
			isa = PBXGroup;
			children = (
				FF0B4D621B77663D00437F55 /* Velib.app */,
				FF0B4D7B1B77663D00437F55 /* VelibTests.xctest */,
			);
			name = Products;
			sourceTree = "<group>";
		};
		FF0B4D641B77663D00437F55 /* Velib */ = {
			isa = PBXGroup;
			children = (
				FFA0391F1BA08C850018142E /* Classes */,
				FFBD3CEA1B7BA8F300BE288C /* External */,
				FFA0395B1BA172400018142E /* Resources */,
				FF0B4D651B77663D00437F55 /* Supporting Files */,
				FF0B4D721B77663D00437F55 /* Images.xcassets */,
			);
			path = Velib;
			sourceTree = "<group>";
		};
		FF0B4D651B77663D00437F55 /* Supporting Files */ = {
			isa = PBXGroup;
			children = (
				FF0B4D661B77663D00437F55 /* Info.plist */,
				FF0B4D671B77663D00437F55 /* main.m */,
			);
			name = "Supporting Files";
			sourceTree = "<group>";
		};
		FF0B4D7E1B77663D00437F55 /* VelibTests */ = {
			isa = PBXGroup;
			children = (
				FF0B4D811B77663D00437F55 /* VelibTests.m */,
				FF0B4D7F1B77663D00437F55 /* Supporting Files */,
			);
			path = VelibTests;
			sourceTree = "<group>";
		};
		FF0B4D7F1B77663D00437F55 /* Supporting Files */ = {
			isa = PBXGroup;
			children = (
				FF0B4D801B77663D00437F55 /* Info.plist */,
			);
			name = "Supporting Files";
			sourceTree = "<group>";
		};
		FFA0391F1BA08C850018142E /* Classes */ = {
			isa = PBXGroup;
			children = (
				FFA039511BA171D00018142E /* AppDelegate.h */,
				FFA039521BA171D00018142E /* AppDelegate.m */,
				FFA039541BA171F30018142E /* FRVFetcher.h */,
				FFA039551BA171F30018142E /* FRVFetcher.m */,
				FFA039441BA08EBF0018142E /* Store */,
				FFA0393A1BA08E8A0018142E /* View */,
				FFA0392D1BA08E580018142E /* Controller */,
				FFA039201BA08E070018142E /* Model */,
			);
			name = Classes;
			sourceTree = "<group>";
		};
		FFA039201BA08E070018142E /* Model */ = {
			isa = PBXGroup;
			children = (
				FFA039211BA08E470018142E /* FRVContract.h */,
				FFA039221BA08E470018142E /* FRVContract.m */,
				FFA039231BA08E470018142E /* FRVLastUpdate.h */,
				FFA039241BA08E470018142E /* FRVLastUpdate.m */,
				FFA039251BA08E470018142E /* FRVPrediction.h */,
				FFA039261BA08E470018142E /* FRVPrediction.m */,
				FFA039271BA08E470018142E /* FRVStation.h */,
				FFA039281BA08E470018142E /* FRVStation.m */,
			);
			name = Model;
			sourceTree = "<group>";
		};
		FFA0392D1BA08E580018142E /* Controller */ = {
			isa = PBXGroup;
			children = (
				FFA0392E1BA08E820018142E /* FRVContractsViewController.h */,
				FFA0392F1BA08E820018142E /* FRVContractsViewController.m */,
				FFA039301BA08E820018142E /* FRVContractViewController.h */,
				FFA039311BA08E820018142E /* FRVContractViewController.m */,
				FFA039321BA08E820018142E /* FRVStationSearchViewController.h */,
				FFA039331BA08E820018142E /* FRVStationSearchViewController.m */,
				FFA039341BA08E820018142E /* FRVStationViewController.h */,
				FFA039351BA08E820018142E /* FRVStationViewController.m */,
			);
			name = Controller;
			sourceTree = "<group>";
		};
		FFA0393A1BA08E8A0018142E /* View */ = {
			isa = PBXGroup;
			children = (
				FFA0393B1BA08EB10018142E /* FRVContractCell.h */,
				FFA0393C1BA08EB10018142E /* FRVContractCell.m */,
				FFA0393D1BA08EB10018142E /* FRVPredictionCell.h */,
				FFA0393E1BA08EB10018142E /* FRVPredictionCell.m */,
				FFA0393F1BA08EB10018142E /* FRVStationSearchCell.h */,
				FFA039401BA08EB10018142E /* FRVStationSearchCell.m */,
			);
			name = View;
			sourceTree = "<group>";
		};
		FFA039441BA08EBF0018142E /* Store */ = {
			isa = PBXGroup;
			children = (
				FFA039451BA08EDC0018142E /* FRVContractStore.h */,
				FFA039461BA08EDC0018142E /* FRVContractStore.m */,
				FFA039471BA08EDC0018142E /* FRVPredictionStore.h */,
				FFA039481BA08EDC0018142E /* FRVPredictionStore.m */,
				FFA039491BA08EDC0018142E /* FRVStationStore.h */,
				FFA0394A1BA08EDC0018142E /* FRVStationStore.m */,
				FFA0394E1BA08EE90018142E /* FRVHelper.h */,
				FFA0394F1BA08EE90018142E /* FRVHelper.m */,
			);
			name = Store;
			sourceTree = "<group>";
		};
		FFA0395B1BA172400018142E /* Resources */ = {
			isa = PBXGroup;
			children = (
				FFA0395C1BA1724C0018142E /* bicycle.png */,
				FFA0395D1BA1724C0018142E /* bicycle@2x.png */,
				FFA0395E1BA1724C0018142E /* Default-568h@2x.png */,
				FFA0395F1BA1724C0018142E /* FRVContractCell.xib */,
				FFA039601BA1724C0018142E /* FRVPredictionCell.xib */,
				FFA039611BA1724C0018142E /* FRVStationSearchCell.xib */,
				FFA039621BA1724C0018142E /* FRVStationSearchViewController.xib */,
				FFA039631BA1724C0018142E /* FRVStationViewController.xib */,
				FFA039641BA1724C0018142E /* Map.png */,
				FFA039651BA1724C0018142E /* Map@2x.png */,
			);
			name = Resources;
			sourceTree = "<group>";
		};
		FFBD3CEA1B7BA8F300BE288C /* External */ = {
			isa = PBXGroup;
			children = (
				FFA039571BA1722B0018142E /* Mapbox */,
				FFA039581BA1722B0018142E /* Realm.framework */,
				FFBD3CE81B7BA7D500BE288C /* libz.dylib */,
				FFBD3CE61B7BA7D000BE288C /* libsqlite3.dylib */,
				FFBD3CE21B7BA7BF00BE288C /* CoreLocation.framework */,
				FFBD3CE41B7BA7C700BE288C /* QuartzCore.framework */,
			);
			name = External;
			sourceTree = "<group>";
		};
/* End PBXGroup section */

/* Begin PBXNativeTarget section */
		FF0B4D611B77663D00437F55 /* Velib */ = {
			isa = PBXNativeTarget;
			buildConfigurationList = FF0B4D851B77663D00437F55 /* Build configuration list for PBXNativeTarget "Velib" */;
			buildPhases = (
				FF0B4D5E1B77663D00437F55 /* Sources */,
				FF0B4D5F1B77663D00437F55 /* Frameworks */,
				FF0B4D601B77663D00437F55 /* Resources */,
			);
			buildRules = (
			);
			dependencies = (
			);
			name = Velib;
			productName = Velib;
			productReference = FF0B4D621B77663D00437F55 /* Velib.app */;
			productType = "com.apple.product-type.application";
		};
		FF0B4D7A1B77663D00437F55 /* VelibTests */ = {
			isa = PBXNativeTarget;
			buildConfigurationList = FF0B4D881B77663D00437F55 /* Build configuration list for PBXNativeTarget "VelibTests" */;
			buildPhases = (
				FF0B4D771B77663D00437F55 /* Sources */,
				FF0B4D781B77663D00437F55 /* Frameworks */,
				FF0B4D791B77663D00437F55 /* Resources */,
			);
			buildRules = (
			);
			dependencies = (
				FF0B4D7D1B77663D00437F55 /* PBXTargetDependency */,
			);
			name = VelibTests;
			productName = VelibTests;
			productReference = FF0B4D7B1B77663D00437F55 /* VelibTests.xctest */;
			productType = "com.apple.product-type.bundle.unit-test";
		};
/* End PBXNativeTarget section */

/* Begin PBXProject section */
		FF0B4D5A1B77663D00437F55 /* Project object */ = {
			isa = PBXProject;
			attributes = {
				LastUpgradeCheck = 0640;
				ORGANIZATIONNAME = "Flavien Raynaud";
				TargetAttributes = {
					FF0B4D611B77663D00437F55 = {
						CreatedOnToolsVersion = 6.4;
					};
					FF0B4D7A1B77663D00437F55 = {
						CreatedOnToolsVersion = 6.4;
						TestTargetID = FF0B4D611B77663D00437F55;
					};
				};
			};
			buildConfigurationList = FF0B4D5D1B77663D00437F55 /* Build configuration list for PBXProject "Velib" */;
			compatibilityVersion = "Xcode 3.2";
			developmentRegion = English;
			hasScannedForEncodings = 0;
			knownRegions = (
				en,
				Base,
			);
			mainGroup = FF0B4D591B77663D00437F55;
			productRefGroup = FF0B4D631B77663D00437F55 /* Products */;
			projectDirPath = "";
			projectRoot = "";
			targets = (
				FF0B4D611B77663D00437F55 /* Velib */,
				FF0B4D7A1B77663D00437F55 /* VelibTests */,
			);
		};
/* End PBXProject section */

/* Begin PBXResourcesBuildPhase section */
		FF0B4D601B77663D00437F55 /* Resources */ = {
			isa = PBXResourcesBuildPhase;
			buildActionMask = 2147483647;
			files = (
				FFA0396E1BA1724C0018142E /* Map.png in Resources */,
				FFA039591BA1722B0018142E /* Mapbox in Resources */,
				FFA039671BA1724C0018142E /* bicycle@2x.png in Resources */,
				FFA039691BA1724C0018142E /* FRVContractCell.xib in Resources */,
				FFA039661BA1724C0018142E /* bicycle.png in Resources */,
				FF0B4D731B77663D00437F55 /* Images.xcassets in Resources */,
				FFA0396F1BA1724C0018142E /* Map@2x.png in Resources */,
				FFA0396A1BA1724C0018142E /* FRVPredictionCell.xib in Resources */,
				FFA0396D1BA1724C0018142E /* FRVStationViewController.xib in Resources */,
				FFA0396B1BA1724C0018142E /* FRVStationSearchCell.xib in Resources */,
				FFA0396C1BA1724C0018142E /* FRVStationSearchViewController.xib in Resources */,
				FFA039681BA1724C0018142E /* Default-568h@2x.png in Resources */,
			);
			runOnlyForDeploymentPostprocessing = 0;
		};
		FF0B4D791B77663D00437F55 /* Resources */ = {
			isa = PBXResourcesBuildPhase;
			buildActionMask = 2147483647;
			files = (
			);
			runOnlyForDeploymentPostprocessing = 0;
		};
/* End PBXResourcesBuildPhase section */

/* Begin PBXSourcesBuildPhase section */
		FF0B4D5E1B77663D00437F55 /* Sources */ = {
			isa = PBXSourcesBuildPhase;
			buildActionMask = 2147483647;
			files = (
				FFA039531BA171D00018142E /* AppDelegate.m in Sources */,
				FFA039411BA08EB10018142E /* FRVContractCell.m in Sources */,
				FFA039291BA08E470018142E /* FRVContract.m in Sources */,
				FFA0394B1BA08EDC0018142E /* FRVContractStore.m in Sources */,
				FFA0392A1BA08E470018142E /* FRVLastUpdate.m in Sources */,
				FFA0392B1BA08E470018142E /* FRVPrediction.m in Sources */,
				FFA039371BA08E820018142E /* FRVContractViewController.m in Sources */,
				FFA039431BA08EB10018142E /* FRVStationSearchCell.m in Sources */,
				FFA039561BA171F30018142E /* FRVFetcher.m in Sources */,
				FFA039501BA08EE90018142E /* FRVHelper.m in Sources */,
				FFA039361BA08E820018142E /* FRVContractsViewController.m in Sources */,
				FFA0394C1BA08EDC0018142E /* FRVPredictionStore.m in Sources */,
				FFA0392C1BA08E470018142E /* FRVStation.m in Sources */,
				FFA039391BA08E820018142E /* FRVStationViewController.m in Sources */,
				FFA039381BA08E820018142E /* FRVStationSearchViewController.m in Sources */,
				FFA0394D1BA08EDC0018142E /* FRVStationStore.m in Sources */,
				FFA039421BA08EB10018142E /* FRVPredictionCell.m in Sources */,
				FF0B4D681B77663D00437F55 /* main.m in Sources */,
			);
			runOnlyForDeploymentPostprocessing = 0;
		};
		FF0B4D771B77663D00437F55 /* Sources */ = {
			isa = PBXSourcesBuildPhase;
			buildActionMask = 2147483647;
			files = (
				FF0B4D821B77663D00437F55 /* VelibTests.m in Sources */,
			);
			runOnlyForDeploymentPostprocessing = 0;
		};
/* End PBXSourcesBuildPhase section */

/* Begin PBXTargetDependency section */
		FF0B4D7D1B77663D00437F55 /* PBXTargetDependency */ = {
			isa = PBXTargetDependency;
			target = FF0B4D611B77663D00437F55 /* Velib */;
			targetProxy = FF0B4D7C1B77663D00437F55 /* PBXContainerItemProxy */;
		};
/* End PBXTargetDependency section */

/* Begin XCBuildConfiguration section */
		FF0B4D831B77663D00437F55 /* Debug */ = {
			isa = XCBuildConfiguration;
			buildSettings = {
				ALWAYS_SEARCH_USER_PATHS = NO;
				CLANG_CXX_LANGUAGE_STANDARD = "gnu++0x";
				CLANG_CXX_LIBRARY = "libc++";
				CLANG_ENABLE_MODULES = YES;
				CLANG_ENABLE_OBJC_ARC = YES;
				CLANG_WARN_BOOL_CONVERSION = YES;
				CLANG_WARN_CONSTANT_CONVERSION = YES;
				CLANG_WARN_DIRECT_OBJC_ISA_USAGE = YES_ERROR;
				CLANG_WARN_EMPTY_BODY = YES;
				CLANG_WARN_ENUM_CONVERSION = YES;
				CLANG_WARN_INT_CONVERSION = YES;
				CLANG_WARN_OBJC_ROOT_CLASS = YES_ERROR;
				CLANG_WARN_UNREACHABLE_CODE = YES;
				CLANG_WARN__DUPLICATE_METHOD_MATCH = YES;
				"CODE_SIGN_IDENTITY[sdk=iphoneos*]" = "iPhone Developer";
				COPY_PHASE_STRIP = NO;
				DEBUG_INFORMATION_FORMAT = "dwarf-with-dsym";
				ENABLE_STRICT_OBJC_MSGSEND = YES;
				GCC_C_LANGUAGE_STANDARD = gnu99;
				GCC_DYNAMIC_NO_PIC = NO;
				GCC_NO_COMMON_BLOCKS = YES;
				GCC_OPTIMIZATION_LEVEL = 0;
				GCC_PREPROCESSOR_DEFINITIONS = (
					"DEBUG=1",
					"$(inherited)",
				);
				GCC_SYMBOLS_PRIVATE_EXTERN = NO;
				GCC_WARN_64_TO_32_BIT_CONVERSION = YES;
				GCC_WARN_ABOUT_RETURN_TYPE = YES_ERROR;
				GCC_WARN_UNDECLARED_SELECTOR = YES;
				GCC_WARN_UNINITIALIZED_AUTOS = YES_AGGRESSIVE;
				GCC_WARN_UNUSED_FUNCTION = YES;
				GCC_WARN_UNUSED_VARIABLE = YES;
				IPHONEOS_DEPLOYMENT_TARGET = 8.4;
				MTL_ENABLE_DEBUG_INFO = YES;
				ONLY_ACTIVE_ARCH = YES;
				SDKROOT = iphoneos;
			};
			name = Debug;
		};
		FF0B4D841B77663D00437F55 /* Release */ = {
			isa = XCBuildConfiguration;
			buildSettings = {
				ALWAYS_SEARCH_USER_PATHS = NO;
				CLANG_CXX_LANGUAGE_STANDARD = "gnu++0x";
				CLANG_CXX_LIBRARY = "libc++";
				CLANG_ENABLE_MODULES = YES;
				CLANG_ENABLE_OBJC_ARC = YES;
				CLANG_WARN_BOOL_CONVERSION = YES;
				CLANG_WARN_CONSTANT_CONVERSION = YES;
				CLANG_WARN_DIRECT_OBJC_ISA_USAGE = YES_ERROR;
				CLANG_WARN_EMPTY_BODY = YES;
				CLANG_WARN_ENUM_CONVERSION = YES;
				CLANG_WARN_INT_CONVERSION = YES;
				CLANG_WARN_OBJC_ROOT_CLASS = YES_ERROR;
				CLANG_WARN_UNREACHABLE_CODE = YES;
				CLANG_WARN__DUPLICATE_METHOD_MATCH = YES;
				"CODE_SIGN_IDENTITY[sdk=iphoneos*]" = "iPhone Developer";
				COPY_PHASE_STRIP = NO;
				DEBUG_INFORMATION_FORMAT = "dwarf-with-dsym";
				ENABLE_NS_ASSERTIONS = NO;
				ENABLE_STRICT_OBJC_MSGSEND = YES;
				GCC_C_LANGUAGE_STANDARD = gnu99;
				GCC_NO_COMMON_BLOCKS = YES;
				GCC_WARN_64_TO_32_BIT_CONVERSION = YES;
				GCC_WARN_ABOUT_RETURN_TYPE = YES_ERROR;
				GCC_WARN_UNDECLARED_SELECTOR = YES;
				GCC_WARN_UNINITIALIZED_AUTOS = YES_AGGRESSIVE;
				GCC_WARN_UNUSED_FUNCTION = YES;
				GCC_WARN_UNUSED_VARIABLE = YES;
				IPHONEOS_DEPLOYMENT_TARGET = 8.4;
				MTL_ENABLE_DEBUG_INFO = NO;
				SDKROOT = iphoneos;
				VALIDATE_PRODUCT = YES;
			};
			name = Release;
		};
		FF0B4D861B77663D00437F55 /* Debug */ = {
			isa = XCBuildConfiguration;
			buildSettings = {
				ASSETCATALOG_COMPILER_APPICON_NAME = AppIcon;
				FRAMEWORK_SEARCH_PATHS = (
					"$(inherited)",
					"$(PROJECT_DIR)/Velib",
					"$(PROJECT_DIR)/Velib/External",
				);
				HEADER_SEARCH_PATHS = (
					"$(inherited)",
					"$(SRCROOT)/Velib/External/Mapbox/Headers",
					/Applications/Xcode.app/Contents/Developer/Toolchains/XcodeDefault.xctoolchain/usr/include,
				);
				INFOPLIST_FILE = Velib/Info.plist;
				LD_RUNPATH_SEARCH_PATHS = "$(inherited) @executable_path/Frameworks";
				LIBRARY_SEARCH_PATHS = (
					"$(inherited)",
					"$(PROJECT_DIR)/Velib/External/Mapbox",
				);
				OTHER_LDFLAGS = "-ObjC";
				PRODUCT_NAME = "$(TARGET_NAME)";
				TARGETED_DEVICE_FAMILY = "1,2";
			};
			name = Debug;
		};
		FF0B4D871B77663D00437F55 /* Release */ = {
			isa = XCBuildConfiguration;
			buildSettings = {
				ASSETCATALOG_COMPILER_APPICON_NAME = AppIcon;
				FRAMEWORK_SEARCH_PATHS = (
					"$(inherited)",
					"$(PROJECT_DIR)/Velib",
					"$(PROJECT_DIR)/Velib/External",
				);
				HEADER_SEARCH_PATHS = (
					"$(inherited)",
					"$(SRCROOT)/Velib/External/Mapbox/Headers",
					/Applications/Xcode.app/Contents/Developer/Toolchains/XcodeDefault.xctoolchain/usr/include,
				);
				INFOPLIST_FILE = Velib/Info.plist;
				LD_RUNPATH_SEARCH_PATHS = "$(inherited) @executable_path/Frameworks";
				LIBRARY_SEARCH_PATHS = (
					"$(inherited)",
					"$(PROJECT_DIR)/Velib/External/Mapbox",
				);
				OTHER_LDFLAGS = "-ObjC";
				PRODUCT_NAME = "$(TARGET_NAME)";
				TARGETED_DEVICE_FAMILY = "1,2";
			};
			name = Release;
		};
		FF0B4D891B77663D00437F55 /* Debug */ = {
			isa = XCBuildConfiguration;
			buildSettings = {
				BUNDLE_LOADER = "$(TEST_HOST)";
				FRAMEWORK_SEARCH_PATHS = (
					"$(SDKROOT)/Developer/Library/Frameworks",
					"$(inherited)",
				);
				GCC_PREPROCESSOR_DEFINITIONS = (
					"DEBUG=1",
					"$(inherited)",
				);
				INFOPLIST_FILE = VelibTests/Info.plist;
				LD_RUNPATH_SEARCH_PATHS = "$(inherited) @executable_path/Frameworks @loader_path/Frameworks";
				PRODUCT_NAME = "$(TARGET_NAME)";
				TEST_HOST = "$(BUILT_PRODUCTS_DIR)/Velib.app/Velib";
			};
			name = Debug;
		};
		FF0B4D8A1B77663D00437F55 /* Release */ = {
			isa = XCBuildConfiguration;
			buildSettings = {
				BUNDLE_LOADER = "$(TEST_HOST)";
				FRAMEWORK_SEARCH_PATHS = (
					"$(SDKROOT)/Developer/Library/Frameworks",
					"$(inherited)",
				);
				INFOPLIST_FILE = VelibTests/Info.plist;
				LD_RUNPATH_SEARCH_PATHS = "$(inherited) @executable_path/Frameworks @loader_path/Frameworks";
				PRODUCT_NAME = "$(TARGET_NAME)";
				TEST_HOST = "$(BUILT_PRODUCTS_DIR)/Velib.app/Velib";
			};
			name = Release;
		};
/* End XCBuildConfiguration section */

/* Begin XCConfigurationList section */
		FF0B4D5D1B77663D00437F55 /* Build configuration list for PBXProject "Velib" */ = {
			isa = XCConfigurationList;
			buildConfigurations = (
				FF0B4D831B77663D00437F55 /* Debug */,
				FF0B4D841B77663D00437F55 /* Release */,
			);
			defaultConfigurationIsVisible = 0;
			defaultConfigurationName = Release;
		};
		FF0B4D851B77663D00437F55 /* Build configuration list for PBXNativeTarget "Velib" */ = {
			isa = XCConfigurationList;
			buildConfigurations = (
				FF0B4D861B77663D00437F55 /* Debug */,
				FF0B4D871B77663D00437F55 /* Release */,
			);
			defaultConfigurationIsVisible = 0;
			defaultConfigurationName = Release;
		};
		FF0B4D881B77663D00437F55 /* Build configuration list for PBXNativeTarget "VelibTests" */ = {
			isa = XCConfigurationList;
			buildConfigurations = (
				FF0B4D891B77663D00437F55 /* Debug */,
				FF0B4D8A1B77663D00437F55 /* Release */,
			);
			defaultConfigurationIsVisible = 0;
			defaultConfigurationName = Release;
		};
/* End XCConfigurationList section */
	};
	rootObject = FF0B4D5A1B77663D00437F55 /* Project object */;
}
